<?xml version="1.0" encoding="UTF-8" standalone="yes" ?>
<CodeBlocks_project_file>
	<FileVersion major="1" minor="6" />
	<Project>
		<Option title="virtual_device" />
		<Option pch_mode="2" />
		<Option compiler="gcc" />
		<Build>
			<Target title="Debug">
				<Option output="bin/Debug/sysgpio" prefix_auto="0" extension_auto="1" />
				<Option object_output="obj/Debug/" />
				<Option type="3" />
				<Option compiler="gcc" />
				<Compiler>
					<Add option="-g" />
				</Compiler>
			</Target>
			<Target title="Release">
				<Option output="bin/Release/virtualdevice" prefix_auto="1" extension_auto="1" />
				<Option object_output="obj/Release/" />
				<Option type="3" />
				<Option compiler="gcc" />
				<Compiler>
					<Add option="-O2" />
				</Compiler>
				<Linker>
					<Add option="-s" />
				</Linker>
			</Target>
			<Target title="Release-arm">
				<Option output="../../../drivers/virtual_device" prefix_auto="0" extension_auto="1" />
				<Option object_output="obj/Release-arm/" />
				<Option type="3" />
				<Option compiler="copy_of_gnu_gcc_compiler_myir" />
				<Option projectLinkerOptionsRelation="0" />
				<Compiler>
					<Add option="-fPIC -shared" />
					<Add directory="../../imdm/include" />
					<Add directory="../../imutil/include" />
				</Compiler>
				<MakeCommands>
					<Build command="" />
					<CompileFile command="" />
					<Clean command="" />
					<DistClean command="" />
					<AskRebuildNeeded command="" />
					<SilentBuild command=" &gt; $(CMD_NULL)" />
				</MakeCommands>
			</Target>
			<Target title="Release-ibox">
				<Option output="../../../drivers/iboxgpio" prefix_auto="0" extension_auto="1" />
				<Option object_output="obj/Release-arm/" />
				<Option type="3" />
				<Option compiler="gnu_arm_gcc_compiler_ibox" />
				<Compiler>
					<Add option="-O2" />
					<Add option="-fPIC -shared" />
					<Add directory="../../imdm/include" />
					<Add directory="../../imutil/include" />
					<Add directory="../../../../../../../../../opt/fy/3rd/lib/yc335x-Lib" />
					<Add directory="../../../../../../../../../opt/fy/3rd/lib/tslib" />
					<Add directory="../../../../../../../../../opt/fy/3rd/lib/qt4.8.5" />
				</Compiler>
				<Linker>
					<Add option="-s" />
				</Linker>
			</Target>
		</Build>
		<Compiler>
			<Add option="-Wall" />
			<Add option="-fexceptions" />
		</Compiler>
		<Unit filename="virtual_device.cpp" />
		<Unit filename="virtual_device.h" />
		<Extensions>
			<code_completion />
			<debugger />
			<envvars />
		</Extensions>
	</Project>
</CodeBlocks_project_file>
