<?xml version="1.0" encoding="UTF-8" standalone="yes" ?>
<CodeBlocks_project_file>
	<FileVersion major="1" minor="6" />
	<Project>
		<Option title="builtin_leakage" />
		<Option pch_mode="2" />
		<Option compiler="icc" />
		<Build>
			<Target title="Debug">
				<Option output="../../../drivers/builtin_leakage" prefix_auto="0" extension_auto="1" />
				<Option object_output="obj/Debug/" />
				<Option type="3" />
				<Option compiler="gcc" />
				<Option createDefFile="1" />
				<Compiler>
					<Add option="-shared -fPIC" />
					<Add directory="../../imdm/include" />
					<Add directory="../../imutil/include" />
				</Compiler>
			</Target>
			<Target title="Release">
				<Option output="../../../drivers/builtin_leakage.so" prefix_auto="0" extension_auto="0" />
				<Option object_output="obj/Release/" />
				<Option type="3" />
				<Option compiler="gcc" />
				<Option createDefFile="1" />
				<Option createStaticLib="1" />
				<Compiler>
					<Add option="-shared -fPIC" />
					<Add directory="../../../../../xglib/include" />
				</Compiler>
			</Target>
			<Target title="Release-arm">
				<Option output="../../../drivers/builtin_leakage" prefix_auto="0" extension_auto="1" />
				<Option object_output="obj/Release-arm/" />
				<Option type="3" />
				<Option compiler="gnu_arm_gcc_compiler-mier" />
				<Option createDefFile="1" />
				<Option createStaticLib="1" />
				<Compiler>
					<Add option="-fPIC" />
					<Add directory="../../imdm/include" />
					<Add directory="../../imutil/include" />
				</Compiler>
				<MakeCommands>
					<Build command="" />
					<CompileFile command="" />
					<Clean command="" />
					<DistClean command="" />
					<AskRebuildNeeded command="" />
					<SilentBuild command=" &gt; $(CMD_NULL)" />
				</MakeCommands>
			</Target>
		</Build>
		<Compiler>
			<Add option="-Wall" />
		</Compiler>
		<Unit filename="im_dm_devices_modbus.cpp" />
		<Unit filename="im_dm_devices_modbus.h" />
		<Unit filename="modbus_packet.cpp" />
		<Unit filename="modbus_packet.h" />
		<Extensions>
			<code_completion />
			<envvars />
			<debugger />
			<lib_finder disable_auto="1" />
		</Extensions>
	</Project>
</CodeBlocks_project_file>
